<?xml version="1.0" encoding="utf-8"?>
<Project ToolsVersion="4.0" xmlns="http://schemas.microsoft.com/developer/msbuild/2003">
  <ItemGroup>
    <Filter Include="Source Files">
      <UniqueIdentifier>{4FC737F1-C7A5-4376-A066-2A32D752A2FF}</UniqueIdentifier>
      <Extensions>cpp;c;cc;cxx;def;odl;idl;hpj;bat;asm;asmx</Extensions>
    </Filter>
    <Filter Include="Source Files\imgui_opengl3">
      <UniqueIdentifier>{2ee5eeb5-02da-449e-85cb-dcc66475eb59}</UniqueIdentifier>
    </Filter>
    <Filter Include="Source Files\gl3w">
      <UniqueIdentifier>{cbeaf757-d776-4c07-bd44-ce5829db0e83}</UniqueIdentifier>
    </Filter>
    <Filter Include="Source Files\imgui">
      <UniqueIdentifier>{1ab0d19d-6526-44ee-bd74-70d3549f7b5c}</UniqueIdentifier>
    </Filter>
  </ItemGroup>
  <ItemGroup>
    <ClInclude Include="imgui_gl3\imgui_impl_glfw_gl3.h">
      <Filter>Source Files\imgui_opengl3</Filter>
    </ClInclude>
    <ClInclude Include="..\extern\imgui\imconfig.h">
      <Filter>Source Files\imgui</Filter>
    </ClInclude>
    <ClInclude Include="..\extern\imgui\imgui.h">
      <Filter>Source Files\imgui</Filter>
    </ClInclude>
    <ClInclude Include="..\extern\imgui\imgui_internal.h">
      <Filter>Source Files\imgui</Filter>
    </ClInclude>
    <ClInclude Include="..\extern\imgui\libs\gl3w\GL\gl3w.h">
      <Filter>Source Files\gl3w</Filter>
    </ClInclude>
    <ClInclude Include="..\extern\imgui\libs\gl3w\GL\glcorearb.h">
      <Filter>Source Files\gl3w</Filter>
    </ClInclude>
    <ClInclude Include="DebugDraw.h">
      <Filter>Source Files</Filter>
    </ClInclude>
  </ItemGroup>
  <ItemGroup>
    <ClCompile Include="imgui_gl3\imgui_impl_glfw_gl3.cpp">
      <Filter>Source Files\imgui_opengl3</Filter>
    </ClCompile>
    <ClCompile Include="CVok2DTestbed.cpp">
      <Filter>Source Files</Filter>
    </ClCompile>
    <ClCompile Include="..\extern\imgui\imgui.cpp">
      <Filter>Source Files\imgui</Filter>
    </ClCompile>
    <ClCompile Include="..\extern\imgui\imgui_demo.cpp">
      <Filter>Source Files\imgui</Filter>
    </ClCompile>
    <ClCompile Include="..\extern\imgui\imgui_draw.cpp">
      <Filter>Source Files\imgui</Filter>
    </ClCompile>
    <ClCompile Include="..\extern\imgui\libs\gl3w\GL\gl3w.c">
      <Filter>Source Files\gl3w</Filter>
    </ClCompile>
    <ClCompile Include="DebugDraws.cpp">
      <Filter>Source Files</Filter>
    </ClCompile>
  </ItemGroup>
</Project>